
Microsoft Visual Studio Solution File, Format Version 12.00
# Visual Studio Version 16
VisualStudioVersion = 16.0.30503.244
MinimumVisualStudioVersion = 10.0.40219.1
Project("{FAE04EC0-301F-11D3-BF4B-00C04F79EFBC}") = "CabInvoiceGen", "CabInvoiceGen\CabInvoiceGen.csproj", "{E6F72BE0-7B7C-4A51-AFB1-8955FECB9CF7}"
EndProject
Project("{FAE04EC0-301F-11D3-BF4B-00C04F79EFBC}") = "CabInvoiceGenTest", "CabInvoiceGenTest\CabInvoiceGenTest.csproj", "{CB6A9FEC-2E63-44ED-A326-DCD78F75A28C}"
EndProject
Global
	GlobalSection(SolutionConfigurationPlatforms) = preSolution
		Debug|Any CPU = Debug|Any CPU
		Release|Any CPU = Release|Any CPU
	EndGlobalSection
	GlobalSection(ProjectConfigurationPlatforms) = postSolution
		{E6F72BE0-7B7C-4A51-AFB1-8955FECB9CF7}.Debug|Any CPU.ActiveCfg = Debug|Any CPU
		{E6F72BE0-7B7C-4A51-AFB1-8955FECB9CF7}.Debug|Any CPU.Build.0 = Debug|Any CPU
		{E6F72BE0-7B7C-4A51-AFB1-8955FECB9CF7}.Release|Any CPU.ActiveCfg = Release|Any CPU
		{E6F72BE0-7B7C-4A51-AFB1-8955FECB9CF7}.Release|Any CPU.Build.0 = Release|Any CPU
		{CB6A9FEC-2E63-44ED-A326-DCD78F75A28C}.Debug|Any CPU.ActiveCfg = Debug|Any CPU
		{CB6A9FEC-2E63-44ED-A326-DCD78F75A28C}.Debug|Any CPU.Build.0 = Debug|Any CPU
		{CB6A9FEC-2E63-44ED-A326-DCD78F75A28C}.Release|Any CPU.ActiveCfg = Release|Any CPU
		{CB6A9FEC-2E63-44ED-A326-DCD78F75A28C}.Release|Any CPU.Build.0 = Release|Any CPU
	EndGlobalSection
	GlobalSection(SolutionProperties) = preSolution
		HideSolutionNode = FALSE
	EndGlobalSection
	GlobalSection(ExtensibilityGlobals) = postSolution
		SolutionGuid = {33EB9922-0CDA-4823-9993-41D43666C11A}
	EndGlobalSection
EndGlobal
